PODS:
  - AdvanceSample (0.1.0):
    - AFNetworking (~> 2.3)
    - SwiftyJSON (~> 5.0)
  - AFNetworking (2.7.0):
    - AFNetworking/NSURLConnection (= 2.7.0)
    - AFNetworking/NSURLSession (= 2.7.0)
    - AFNetworking/Reachability (= 2.7.0)
    - AFNetworking/Security (= 2.7.0)
    - AFNetworking/Serialization (= 2.7.0)
    - AFNetworking/UIKit (= 2.7.0)
  - AFNetworking/NSURLConnection (2.7.0):
    - AFNetworking/Reachability
    - AFNetworking/Security
    - AFNetworking/Serialization
  - AFNetworking/NSURLSession (2.7.0):
    - AFNetworking/Reachability
    - AFNetworking/Security
    - AFNetworking/Serialization
  - AFNetworking/Reachability (2.7.0)
  - AFNetworking/Security (2.7.0)
  - AFNetworking/Serialization (2.7.0)
  - SwiftyJSON (5.0.2)

DEPENDENCIES:
  - AdvanceSample (from `./AdvanceSample`)

SPEC REPOS:
  trunk:
    - AFNetworking
    - SwiftyJSON

EXTERNAL SOURCES:
  AdvanceSample:
    :path: "./AdvanceSample"

SPEC CHECKSUMS:
  AdvanceSample: 8bad4a12bd671a0da3acbb09c0d6e86e396e4ece
  AFNetworking: 9d57de7506959955d82fb5274ee4bec86b930e52
  SwiftyJSON: f5b1bf1cd8dd53cd25887ac0eabcfd92301c6a5a

PODFILE CHECKSUM: c0e95654f5c323d59ff42bf7a21c38d55e4c2df2

COCOAPODS: 1.16.2
